
Microsoft Visual Studio Solution File, Format Version 12.00
# Visual Studio Version 16
VisualStudioVersion = 16.0.30413.136
MinimumVisualStudioVersion = 10.0.40219.1
Project("{FAE04EC0-301F-11D3-BF4B-00C04F79EFBC}") = "UDB+", "UDB+\UDB+.csproj", "{F04108BD-564E-47F7-AD39-7D7471F3F1A9}"
EndProject
Global
	GlobalSection(SolutionConfigurationPlatforms) = preSolution
		Debug|Any CPU = Debug|Any CPU
		Release|Any CPU = Release|Any CPU
	EndGlobalSection
	GlobalSection(ProjectConfigurationPlatforms) = postSolution
		{F04108BD-564E-47F7-AD39-7D7471F3F1A9}.Debug|Any CPU.ActiveCfg = Debug|Any CPU
		{F04108BD-564E-47F7-AD39-7D7471F3F1A9}.Debug|Any CPU.Build.0 = Debug|Any CPU
		{F04108BD-564E-47F7-AD39-7D7471F3F1A9}.Release|Any CPU.ActiveCfg = Release|Any CPU
		{F04108BD-564E-47F7-AD39-7D7471F3F1A9}.Release|Any CPU.Build.0 = Release|Any CPU
	EndGlobalSection
	GlobalSection(SolutionProperties) = preSolution
		HideSolutionNode = FALSE
	EndGlobalSection
	GlobalSection(ExtensibilityGlobals) = postSolution
		SolutionGuid = {6222BCDA-C23B-41D5-B096-04C765124582}
	EndGlobalSection
EndGlobal
